
Microsoft Visual Studio Solution File, Format Version 12.00
# Visual Studio Version 17
VisualStudioVersion = 17.9.34607.119
MinimumVisualStudioVersion = 10.0.40219.1
Project("{FAE04EC0-301F-11D3-BF4B-00C04F79EFBC}") = "ChallengeApp", "ChallengeApp\ChallengeApp.csproj", "{A151403B-96A9-46E1-828E-9CAA5D688DFC}"
EndProject
Project("{FAE04EC0-301F-11D3-BF4B-00C04F79EFBC}") = "ChallengeApp.Tests", "ChallengeApp.Tests\ChallengeApp.Tests.csproj", "{6CB80D3C-3372-403E-B111-F8BAE16D2035}"
EndProject
Global
	GlobalSection(SolutionConfigurationPlatforms) = preSolution
		Debug|Any CPU = Debug|Any CPU
		Release|Any CPU = Release|Any CPU
	EndGlobalSection
	GlobalSection(ProjectConfigurationPlatforms) = postSolution
		{A151403B-96A9-46E1-828E-9CAA5D688DFC}.Debug|Any CPU.ActiveCfg = Debug|Any CPU
		{A151403B-96A9-46E1-828E-9CAA5D688DFC}.Debug|Any CPU.Build.0 = Debug|Any CPU
		{A151403B-96A9-46E1-828E-9CAA5D688DFC}.Release|Any CPU.ActiveCfg = Release|Any CPU
		{A151403B-96A9-46E1-828E-9CAA5D688DFC}.Release|Any CPU.Build.0 = Release|Any CPU
		{6CB80D3C-3372-403E-B111-F8BAE16D2035}.Debug|Any CPU.ActiveCfg = Debug|Any CPU
		{6CB80D3C-3372-403E-B111-F8BAE16D2035}.Debug|Any CPU.Build.0 = Debug|Any CPU
		{6CB80D3C-3372-403E-B111-F8BAE16D2035}.Release|Any CPU.ActiveCfg = Release|Any CPU
		{6CB80D3C-3372-403E-B111-F8BAE16D2035}.Release|Any CPU.Build.0 = Release|Any CPU
	EndGlobalSection
	GlobalSection(SolutionProperties) = preSolution
		HideSolutionNode = FALSE
	EndGlobalSection
	GlobalSection(ExtensibilityGlobals) = postSolution
		SolutionGuid = {CC6E7A9D-C189-48FA-BD4E-1950FF13CEC7}
	EndGlobalSection
EndGlobal
